
Microsoft Visual Studio Solution File, Format Version 12.00
Project("{FAE04EC0-301F-11D3-BF4B-00C04F79EFBC}") = "BsonInt64DoubleFix", "BsonInt64DoubleFix\BsonInt64DoubleFix.csproj", "{CFE13586-13D7-48EB-9527-7A2FDBF3C34D}"
EndProject
Project("{FAE04EC0-301F-11D3-BF4B-00C04F79EFBC}") = "BsonInt64DoubleFix.Tests", "BsonInt64DoubleFix.Tests\BsonInt64DoubleFix.Tests.csproj", "{C2CEA26C-5451-40CB-A46B-59D0C9689D15}"
EndProject
Global
	GlobalSection(SolutionConfigurationPlatforms) = preSolution
		Debug|Any CPU = Debug|Any CPU
		Release|Any CPU = Release|Any CPU
	EndGlobalSection
	GlobalSection(ProjectConfigurationPlatforms) = postSolution
		{CFE13586-13D7-48EB-9527-7A2FDBF3C34D}.Debug|Any CPU.ActiveCfg = Debug|Any CPU
		{CFE13586-13D7-48EB-9527-7A2FDBF3C34D}.Debug|Any CPU.Build.0 = Debug|Any CPU
		{CFE13586-13D7-48EB-9527-7A2FDBF3C34D}.Release|Any CPU.ActiveCfg = Release|Any CPU
		{CFE13586-13D7-48EB-9527-7A2FDBF3C34D}.Release|Any CPU.Build.0 = Release|Any CPU
		{C2CEA26C-5451-40CB-A46B-59D0C9689D15}.Debug|Any CPU.ActiveCfg = Debug|Any CPU
		{C2CEA26C-5451-40CB-A46B-59D0C9689D15}.Debug|Any CPU.Build.0 = Debug|Any CPU
		{C2CEA26C-5451-40CB-A46B-59D0C9689D15}.Release|Any CPU.ActiveCfg = Release|Any CPU
		{C2CEA26C-5451-40CB-A46B-59D0C9689D15}.Release|Any CPU.Build.0 = Release|Any CPU
	EndGlobalSection
EndGlobal
